version = 1
revision = 3
requires-python = ">=3.14"
resolution-markers = [
    "sys_platform == 'win32'",
    "sys_platform != 'win32'",
]

[[package]]
name = "accessible-output2"
version = "0.17"
source = { registry = "https://pypi.org/simple" }
dependencies = [
    { name = "appscript", marker = "sys_platform == 'darwin'" },
    { name = "libloader" },
    { name = "platform-utils" },
    { name = "pywin32", marker = "sys_platform == 'win32'" },
]
sdist = { url = "https://files.pythonhosted.org/packages/ae/d1/e877ce1c6a44abd054543420351d91dd2d5c988364a15e9b81e13b3c65c7/accessible_output2-0.17.tar.gz", hash = "sha256:592da28fbbbd538e81ecd17236aaef3c5b86cdee8fbf3f6f2b8b81bcebd99389", size = 805311, upload-time = "2022-07-09T19:15:14.404Z" }
wheels = [
    { url = "https://files.pythonhosted.org/packages/02/8e/2bb81f845d8f3ecb07acd094544ecbf0c0e02f80364e35fdabaec96ee6dc/accessible_output2-0.17-py2.py3-none-any.whl", hash = "sha256:bdcfc5f2c8ecb50b219fa7d547018dd0c99dfa4c56b506872c74f5dc941a3288", size = 809028, upload-time = "2022-07-09T19:15:12.49Z" },
]

[[package]]
name = "altgraph"
version = "0.17.4"
source = { registry = "https://pypi.org/simple" }
sdist = { url = "https://files.pythonhosted.org/packages/de/a8/7145824cf0b9e3c28046520480f207df47e927df83aa9555fb47f8505922/altgraph-0.17.4.tar.gz", hash = "sha256:1b5afbb98f6c4dcadb2e2ae6ab9fa994bbb8c1d75f4fa96d340f9437ae454406", size = 48418, upload-time = "2023-09-25T09:04:52.164Z" }
wheels = [
    { url = "https://files.pythonhosted.org/packages/4d/3f/3bc3f1d83f6e4a7fcb834d3720544ca597590425be5ba9db032b2bf322a2/altgraph-0.17.4-py2.py3-none-any.whl", hash = "sha256:642743b4750de17e655e6711601b077bc6598dbfa3ba5fa2b2a35ce12b508dff", size = 21212, upload-time = "2023-09-25T09:04:50.691Z" },
]

[[package]]
name = "appscript"
version = "1.4.0"
source = { registry = "https://pypi.org/simple" }
dependencies = [
    { name = "lxml", marker = "sys_platform != 'win32'" },
]
sdist = { url = "https://files.pythonhosted.org/packages/ca/52/2fa70edfd98f0058219ecc2e365a3ba7aabd42db14ff9d7f44bbdcc5400d/appscript-1.4.0.tar.gz", hash = "sha256:b2c6fc770bf822ea45529c7084bc0ee340e67ab260016b01d28e0449ec8723be", size = 295279, upload-time = "2025-10-08T07:56:39.126Z" }
wheels = [
    { url = "https://files.pythonhosted.org/packages/4d/15/748adf302d8f1f8f975bb26c1b918d84f1d39bb6c4730e0b91f551297984/appscript-1.4.0-cp314-cp314-macosx_10_13_universal2.whl", hash = "sha256:1a5747425d2a5732e2854cab0d0dc893ef077cabd7d57f7ec4caea2ac313e19f", size = 99700, upload-time = "2025-10-08T07:56:37.313Z" },
    { url = "https://files.pythonhosted.org/packages/dd/e3/03dc0f97eab839f72061342d69bd34424e89876ce4026509aab3d74d4f23/appscript-1.4.0-cp314-cp314-macosx_10_13_x86_64.whl", hash = "sha256:5efce3302c00674b769b79938cc5f66f7791ef45c6419e850a5f1c8f9fcefcc1", size = 85610, upload-time = "2025-10-08T07:56:38.103Z" },
]

[[package]]
name = "babel"
version = "2.17.0"
source = { registry = "https://pypi.org/simple" }
sdist = { url = "https://files.pythonhosted.org/packages/7d/6b/d52e42361e1aa00709585ecc30b3f9684b3ab62530771402248b1b1d6240/babel-2.17.0.tar.gz", hash = "sha256:0c54cffb19f690cdcc52a3b50bcbf71e07a808d1c80d549f2459b9d2cf0afb9d", size = 9951852, upload-time = "2025-02-01T15:17:41.026Z" }
wheels = [
    { url = "https://files.pythonhosted.org/packages/b7/b8/3fe70c75fe32afc4bb507f75563d39bc5642255d1d94f1f23604725780bf/babel-2.17.0-py3-none-any.whl", hash = "sha256:4d0b53093fdfb4b21c92b5213dba5a1b23885afa8383709427046b21c366e5f2", size = 10182537, upload-time = "2025-02-01T15:17:37.39Z" },
]

[[package]]
name = "launchtype"
version = "1.0.0"
source = { editable = "." }
dependencies = [
    { name = "accessible-output2" },
    { name = "babel" },
    { name = "libloader" },
    { name = "pillow" },
    { name = "platform-utils" },
    { name = "pyperclip" },
    { name = "pywin32" },
    { name = "wxpython" },
]

[package.optional-dependencies]
build = [
    { name = "pyinstaller" },
]

[package.dev-dependencies]
dev = [
    { name = "pyinstaller" },
]

[package.metadata]
requires-dist = [
    { name = "accessible-output2" },
    { name = "babel" },
    { name = "libloader" },
    { name = "pillow", specifier = ">=12.2.0" },
    { name = "platform-utils" },
    { name = "pyinstaller", marker = "extra == 'build'" },
    { name = "pyperclip" },
    { name = "pywin32", specifier = ">=311" },
    { name = "wxpython" },
]
provides-extras = ["build"]

[package.metadata.requires-dev]
dev = [{ name = "pyinstaller" }]

[[package]]
name = "libloader"
version = "1.4.1"
source = { registry = "https://pypi.org/simple" }
dependencies = [
    { name = "pywin32", marker = "sys_platform == 'win32'" },
]
sdist = { url = "https://files.pythonhosted.org/packages/bd/f3/48cdb51a1da36cee209ee8d44d93953212a1f35001961763e1c93bbb590d/libloader-1.4.1.tar.gz", hash = "sha256:7c5d30b17a6eeca75d8c6afe5bcabdcd383b4d174be6923282cbff0c7ef8ab58", size = 5897, upload-time = "2025-10-26T23:53:46.247Z" }
wheels = [
    { url = "https://files.pythonhosted.org/packages/63/5a/aedb86902a4b77c9b23049fd1ae3ab88a0476ec60abcda2808242ada8bb1/libloader-1.4.1-py3-none-any.whl", hash = "sha256:d50b4054fbd784adbe89fbe14fc75a26b1431025f9b284fda17f50ffe10afaf2", size = 5918, upload-time = "2025-10-26T23:53:44.738Z" },
]

[[package]]
name = "lxml"
version = "6.0.2"
source = { registry = "https://pypi.org/simple" }
sdist = { url = "https://files.pythonhosted.org/packages/aa/88/262177de60548e5a2bfc46ad28232c9e9cbde697bd94132aeb80364675cb/lxml-6.0.2.tar.gz", hash = "sha256:cd79f3367bd74b317dda655dc8fcfa304d9eb6e4fb06b7168c5cf27f96e0cd62", size = 4073426, upload-time = "2025-09-22T04:04:59.287Z" }
wheels = [
    { url = "https://files.pythonhosted.org/packages/03/15/d4a377b385ab693ce97b472fe0c77c2b16ec79590e688b3ccc71fba19884/lxml-6.0.2-cp314-cp314-macosx_10_13_universal2.whl", hash = "sha256:b0c732aa23de8f8aec23f4b580d1e52905ef468afb4abeafd3fec77042abb6fe", size = 8659801, upload-time = "2025-09-22T04:02:30.113Z" },
    { url = "https://files.pythonhosted.org/packages/c8/e8/c128e37589463668794d503afaeb003987373c5f94d667124ffd8078bbd9/lxml-6.0.2-cp314-cp314-macosx_10_13_x86_64.whl", hash = "sha256:4468e3b83e10e0317a89a33d28f7aeba1caa4d1a6fd457d115dd4ffe90c5931d", size = 4659403, upload-time = "2025-09-22T04:02:32.119Z" },
    { url = "https://files.pythonhosted.org/packages/5e/5c/42c2c4c03554580708fc738d13414801f340c04c3eff90d8d2d227145275/lxml-6.0.2-cp314-cp314t-macosx_10_13_universal2.whl", hash = "sha256:6162a86d86893d63084faaf4ff937b3daea233e3682fb4474db07395794fa80d", size = 8910380, upload-time = "2025-09-22T04:03:01.645Z" },
    { url = "https://files.pythonhosted.org/packages/bf/4f/12df843e3e10d18d468a7557058f8d3733e8b6e12401f30b1ef29360740f/lxml-6.0.2-cp314-cp314t-macosx_10_13_x86_64.whl", hash = "sha256:414aaa94e974e23a3e92e7ca5b97d10c0cf37b6481f50911032c69eeb3991bba", size = 4775632, upload-time = "2025-09-22T04:03:03.814Z" },
]

[[package]]
name = "macholib"
version = "1.16.3"
source = { registry = "https://pypi.org/simple" }
dependencies = [
    { name = "altgraph", marker = "sys_platform != 'win32'" },
]
sdist = { url = "https://files.pythonhosted.org/packages/95/ee/af1a3842bdd5902ce133bd246eb7ffd4375c38642aeb5dc0ae3a0329dfa2/macholib-1.16.3.tar.gz", hash = "sha256:07ae9e15e8e4cd9a788013d81f5908b3609aa76f9b1421bae9c4d7606ec86a30", size = 59309, upload-time = "2023-09-25T09:10:16.155Z" }
wheels = [
    { url = "https://files.pythonhosted.org/packages/d1/5d/c059c180c84f7962db0aeae7c3b9303ed1d73d76f2bfbc32bc231c8be314/macholib-1.16.3-py2.py3-none-any.whl", hash = "sha256:0e315d7583d38b8c77e815b1ecbdbf504a8258d8b3e17b61165c6feb60d18f2c", size = 38094, upload-time = "2023-09-25T09:10:14.188Z" },
]

[[package]]
name = "packaging"
version = "25.0"
source = { registry = "https://pypi.org/simple" }
sdist = { url = "https://files.pythonhosted.org/packages/a1/d4/1fc4078c65507b51b96ca8f8c3ba19e6a61c8253c72794544580a7b6c24d/packaging-25.0.tar.gz", hash = "sha256:d443872c98d677bf60f6a1f2f8c1cb748e8fe762d2bf9d3148b5599295b0fc4f", size = 165727, upload-time = "2025-04-19T11:48:59.673Z" }
wheels = [
    { url = "https://files.pythonhosted.org/packages/20/12/38679034af332785aac8774540895e234f4d07f7545804097de4b666afd8/packaging-25.0-py3-none-any.whl", hash = "sha256:29572ef2b1f17581046b3a2227d5c611fb25ec70ca1ba8554b24b0e69331a484", size = 66469, upload-time = "2025-04-19T11:48:57.875Z" },
]

[[package]]
name = "pefile"
version = "2023.2.7"
source = { registry = "https://pypi.org/simple" }
sdist = { url = "https://files.pythonhosted.org/packages/78/c5/3b3c62223f72e2360737fd2a57c30e5b2adecd85e70276879609a7403334/pefile-2023.2.7.tar.gz", hash = "sha256:82e6114004b3d6911c77c3953e3838654b04511b8b66e8583db70c65998017dc", size = 74854, upload-time = "2023-02-07T12:23:55.958Z" }
wheels = [
    { url = "https://files.pythonhosted.org/packages/55/26/d0ad8b448476d0a1e8d3ea5622dc77b916db84c6aa3cb1e1c0965af948fc/pefile-2023.2.7-py3-none-any.whl", hash = "sha256:da185cd2af68c08a6cd4481f7325ed600a88f6a813bad9dea07ab3ef73d8d8d6", size = 71791, upload-time = "2023-02-07T12:28:36.678Z" },
]

[[package]]
name = "pillow"
version = "12.2.0"
source = { registry = "https://pypi.org/simple" }
sdist = { url = "https://files.pythonhosted.org/packages/8c/21/c2bcdd5906101a30244eaffc1b6e6ce71a31bd0742a01eb89e660ebfac2d/pillow-12.2.0.tar.gz", hash = "sha256:a830b1a40919539d07806aa58e1b114df53ddd43213d9c8b75847eee6c0182b5", size = 46987819, upload-time = "2026-04-01T14:46:17.687Z" }
wheels = [
    { url = "https://files.pythonhosted.org/packages/bf/98/4595daa2365416a86cb0d495248a393dfc84e96d62ad080c8546256cb9c0/pillow-12.2.0-cp314-cp314-ios_13_0_arm64_iphoneos.whl", hash = "sha256:3adc9215e8be0448ed6e814966ecf3d9952f0ea40eb14e89a102b87f450660d8", size = 4100848, upload-time = "2026-04-01T14:44:48.48Z" },
    { url = "https://files.pythonhosted.org/packages/0b/79/40184d464cf89f6663e18dfcf7ca21aae2491fff1a16127681bf1fa9b8cf/pillow-12.2.0-cp314-cp314-ios_13_0_arm64_iphonesimulator.whl", hash = "sha256:6a9adfc6d24b10f89588096364cc726174118c62130c817c2837c60cf08a392b", size = 4176515, upload-time = "2026-04-01T14:44:51.353Z" },
    { url = "https://files.pythonhosted.org/packages/b0/63/703f86fd4c422a9cf722833670f4f71418fb116b2853ff7da722ea43f184/pillow-12.2.0-cp314-cp314-ios_13_0_x86_64_iphonesimulator.whl", hash = "sha256:6a6e67ea2e6feda684ed370f9a1c52e7a243631c025ba42149a2cc5934dec295", size = 3640159, upload-time = "2026-04-01T14:44:53.588Z" },
    { url = "https://files.pythonhosted.org/packages/71/e0/fb22f797187d0be2270f83500aab851536101b254bfa1eae10795709d283/pillow-12.2.0-cp314-cp314-macosx_10_15_x86_64.whl", hash = "sha256:2bb4a8d594eacdfc59d9e5ad972aa8afdd48d584ffd5f13a937a664c3e7db0ed", size = 5312185, upload-time = "2026-04-01T14:44:56.039Z" },
    { url = "https://files.pythonhosted.org/packages/ba/8c/1a9e46228571de18f8e28f16fabdfc20212a5d019f3e3303452b3f0a580d/pillow-12.2.0-cp314-cp314-macosx_11_0_arm64.whl", hash = "sha256:80b2da48193b2f33ed0c32c38140f9d3186583ce7d516526d462645fd98660ae", size = 4695386, upload-time = "2026-04-01T14:44:58.663Z" },
    { url = "https://files.pythonhosted.org/packages/70/62/98f6b7f0c88b9addd0e87c217ded307b36be024d4ff8869a812b241d1345/pillow-12.2.0-cp314-cp314-manylinux2014_aarch64.manylinux_2_17_aarch64.whl", hash = "sha256:22db17c68434de69d8ecfc2fe821569195c0c373b25cccb9cbdacf2c6e53c601", size = 6280384, upload-time = "2026-04-01T14:45:01.5Z" },
    { url = "https://files.pythonhosted.org/packages/5e/03/688747d2e91cfbe0e64f316cd2e8005698f76ada3130d0194664174fa5de/pillow-12.2.0-cp314-cp314-manylinux2014_x86_64.manylinux_2_17_x86_64.whl", hash = "sha256:7b14cc0106cd9aecda615dd6903840a058b4700fcb817687d0ee4fc8b6e389be", size = 8091599, upload-time = "2026-04-01T14:45:04.5Z" },
    { url = "https://files.pythonhosted.org/packages/f6/35/577e22b936fcdd66537329b33af0b4ccfefaeabd8aec04b266528cddb33c/pillow-12.2.0-cp314-cp314-manylinux_2_27_aarch64.manylinux_2_28_aarch64.whl", hash = "sha256:8cbeb542b2ebc6fcdacabf8aca8c1a97c9b3ad3927d46b8723f9d4f033288a0f", size = 6396021, upload-time = "2026-04-01T14:45:07.117Z" },
    { url = "https://files.pythonhosted.org/packages/11/8d/d2532ad2a603ca2b93ad9f5135732124e57811d0168155852f37fbce2458/pillow-12.2.0-cp314-cp314-manylinux_2_27_x86_64.manylinux_2_28_x86_64.whl", hash = "sha256:4bfd07bc812fbd20395212969e41931001fd59eb55a60658b0e5710872e95286", size = 7083360, upload-time = "2026-04-01T14:45:09.763Z" },
    { url = "https://files.pythonhosted.org/packages/5e/26/d325f9f56c7e039034897e7380e9cc202b1e368bfd04d4cbe6a441f02885/pillow-12.2.0-cp314-cp314-musllinux_1_2_aarch64.whl", hash = "sha256:9aba9a17b623ef750a4d11b742cbafffeb48a869821252b30ee21b5e91392c50", size = 6507628, upload-time = "2026-04-01T14:45:12.378Z" },
    { url = "https://files.pythonhosted.org/packages/5f/f7/769d5632ffb0988f1c5e7660b3e731e30f7f8ec4318e94d0a5d674eb65a4/pillow-12.2.0-cp314-cp314-musllinux_1_2_x86_64.whl", hash = "sha256:deede7c263feb25dba4e82ea23058a235dcc2fe1f6021025dc71f2b618e26104", size = 7209321, upload-time = "2026-04-01T14:45:15.122Z" },
    { url = "https://files.pythonhosted.org/packages/6a/7a/c253e3c645cd47f1aceea6a8bacdba9991bf45bb7dfe927f7c893e89c93c/pillow-12.2.0-cp314-cp314-win32.whl", hash = "sha256:632ff19b2778e43162304d50da0181ce24ac5bb8180122cbe1bf4673428328c7", size = 6479723, upload-time = "2026-04-01T14:45:17.797Z" },
    { url = "https://files.pythonhosted.org/packages/cd/8b/601e6566b957ca50e28725cb6c355c59c2c8609751efbecd980db44e0349/pillow-12.2.0-cp314-cp314-win_amd64.whl", hash = "sha256:4e6c62e9d237e9b65fac06857d511e90d8461a32adcc1b9065ea0c0fa3a28150", size = 7217400, upload-time = "2026-04-01T14:45:20.529Z" },
    { url = "https://files.pythonhosted.org/packages/d6/94/220e46c73065c3e2951bb91c11a1fb636c8c9ad427ac3ce7d7f3359b9b2f/pillow-12.2.0-cp314-cp314-win_arm64.whl", hash = "sha256:b1c1fbd8a5a1af3412a0810d060a78b5136ec0836c8a4ef9aa11807f2a22f4e1", size = 2554835, upload-time = "2026-04-01T14:45:23.162Z" },
    { url = "https://files.pythonhosted.org/packages/b6/ab/1b426a3974cb0e7da5c29ccff4807871d48110933a57207b5a676cccc155/pillow-12.2.0-cp314-cp314t-macosx_10_15_x86_64.whl", hash = "sha256:57850958fe9c751670e49b2cecf6294acc99e562531f4bd317fa5ddee2068463", size = 5314225, upload-time = "2026-04-01T14:45:25.637Z" },
    { url = "https://files.pythonhosted.org/packages/19/1e/dce46f371be2438eecfee2a1960ee2a243bbe5e961890146d2dee1ff0f12/pillow-12.2.0-cp314-cp314t-macosx_11_0_arm64.whl", hash = "sha256:d5d38f1411c0ed9f97bcb49b7bd59b6b7c314e0e27420e34d99d844b9ce3b6f3", size = 4698541, upload-time = "2026-04-01T14:45:28.355Z" },
    { url = "https://files.pythonhosted.org/packages/55/c3/7fbecf70adb3a0c33b77a300dc52e424dc22ad8cdc06557a2e49523b703d/pillow-12.2.0-cp314-cp314t-manylinux2014_aarch64.manylinux_2_17_aarch64.whl", hash = "sha256:5c0a9f29ca8e79f09de89293f82fc9b0270bb4af1d58bc98f540cc4aedf03166", size = 6322251, upload-time = "2026-04-01T14:45:30.924Z" },
    { url = "https://files.pythonhosted.org/packages/1c/3c/7fbc17cfb7e4fe0ef1642e0abc17fc6c94c9f7a16be41498e12e2ba60408/pillow-12.2.0-cp314-cp314t-manylinux2014_x86_64.manylinux_2_17_x86_64.whl", hash = "sha256:1610dd6c61621ae1cf811bef44d77e149ce3f7b95afe66a4512f8c59f25d9ebe", size = 8127807, upload-time = "2026-04-01T14:45:33.908Z" },
    { url = "https://files.pythonhosted.org/packages/ff/c3/a8ae14d6defd2e448493ff512fae903b1e9bd40b72efb6ec55ce0048c8ce/pillow-12.2.0-cp314-cp314t-manylinux_2_27_aarch64.manylinux_2_28_aarch64.whl", hash = "sha256:0a34329707af4f73cf1782a36cd2289c0368880654a2c11f027bcee9052d35dd", size = 6433935, upload-time = "2026-04-01T14:45:36.623Z" },
    { url = "https://files.pythonhosted.org/packages/6e/32/2880fb3a074847ac159d8f902cb43278a61e85f681661e7419e6596803ed/pillow-12.2.0-cp314-cp314t-manylinux_2_27_x86_64.manylinux_2_28_x86_64.whl", hash = "sha256:8e9c4f5b3c546fa3458a29ab22646c1c6c787ea8f5ef51300e5a60300736905e", size = 7116720, upload-time = "2026-04-01T14:45:39.258Z" },
    { url = "https://files.pythonhosted.org/packages/46/87/495cc9c30e0129501643f24d320076f4cc54f718341df18cc70ec94c44e1/pillow-12.2.0-cp314-cp314t-musllinux_1_2_aarch64.whl", hash = "sha256:fb043ee2f06b41473269765c2feae53fc2e2fbf96e5e22ca94fb5ad677856f06", size = 6540498, upload-time = "2026-04-01T14:45:41.879Z" },
    { url = "https://files.pythonhosted.org/packages/18/53/773f5edca692009d883a72211b60fdaf8871cbef075eaa9d577f0a2f989e/pillow-12.2.0-cp314-cp314t-musllinux_1_2_x86_64.whl", hash = "sha256:f278f034eb75b4e8a13a54a876cc4a5ab39173d2cdd93a638e1b467fc545ac43", size = 7239413, upload-time = "2026-04-01T14:45:44.705Z" },
    { url = "https://files.pythonhosted.org/packages/c9/e4/4b64a97d71b2a83158134abbb2f5bd3f8a2ea691361282f010998f339ec7/pillow-12.2.0-cp314-cp314t-win32.whl", hash = "sha256:6bb77b2dcb06b20f9f4b4a8454caa581cd4dd0643a08bacf821216a16d9c8354", size = 6482084, upload-time = "2026-04-01T14:45:47.568Z" },
    { url = "https://files.pythonhosted.org/packages/ba/13/306d275efd3a3453f72114b7431c877d10b1154014c1ebbedd067770d629/pillow-12.2.0-cp314-cp314t-win_amd64.whl", hash = "sha256:6562ace0d3fb5f20ed7290f1f929cae41b25ae29528f2af1722966a0a02e2aa1", size = 7225152, upload-time = "2026-04-01T14:45:50.032Z" },
    { url = "https://files.pythonhosted.org/packages/ff/6e/cf826fae916b8658848d7b9f38d88da6396895c676e8086fc0988073aaf8/pillow-12.2.0-cp314-cp314t-win_arm64.whl", hash = "sha256:aa88ccfe4e32d362816319ed727a004423aab09c5cea43c01a4b435643fa34eb", size = 2556579, upload-time = "2026-04-01T14:45:52.529Z" },
]

[[package]]
name = "platform-utils"
version = "1.6.0"
source = { registry = "https://pypi.org/simple" }
dependencies = [
    { name = "platformdirs" },
    { name = "pywin32", marker = "sys_platform == 'win32'" },
]
sdist = { url = "https://files.pythonhosted.org/packages/07/16/91794c764a1ede610c2facafc88088804666956bf457f04ceee24ec636d9/platform_utils-1.6.0.tar.gz", hash = "sha256:920d755e192ce8acd0965ce88845c5b8ef14745113b3e4c756f87374a35e41b0", size = 14208, upload-time = "2025-09-10T21:15:48.411Z" }
wheels = [
    { url = "https://files.pythonhosted.org/packages/61/7d/c134d232f339e3763f5a46b121e3a7c3adf9644fcd5527c6699f3c6692a7/platform_utils-1.6.0-py3-none-any.whl", hash = "sha256:fb379331678d5ff838b01151fe184b84742ef450d07f5202661e9317ccb4c903", size = 10079, upload-time = "2025-09-10T21:15:47.528Z" },
]

[[package]]
name = "platformdirs"
version = "4.5.0"
source = { registry = "https://pypi.org/simple" }
sdist = { url = "https://files.pythonhosted.org/packages/61/33/9611380c2bdb1225fdef633e2a9610622310fed35ab11dac9620972ee088/platformdirs-4.5.0.tar.gz", hash = "sha256:70ddccdd7c99fc5942e9fc25636a8b34d04c24b335100223152c2803e4063312", size = 21632, upload-time = "2025-10-08T17:44:48.791Z" }
wheels = [
    { url = "https://files.pythonhosted.org/packages/73/cb/ac7874b3e5d58441674fb70742e6c374b28b0c7cb988d37d991cde47166c/platformdirs-4.5.0-py3-none-any.whl", hash = "sha256:e578a81bb873cbb89a41fcc904c7ef523cc18284b7e3b3ccf06aca1403b7ebd3", size = 18651, upload-time = "2025-10-08T17:44:47.223Z" },
]

[[package]]
name = "pyinstaller"
version = "6.16.0"
source = { registry = "https://pypi.org/simple" }
dependencies = [
    { name = "altgraph" },
    { name = "macholib", marker = "sys_platform == 'darwin'" },
    { name = "packaging" },
    { name = "pefile", marker = "sys_platform == 'win32'" },
    { name = "pyinstaller-hooks-contrib" },
    { name = "pywin32-ctypes", marker = "sys_platform == 'win32'" },
    { name = "setuptools" },
]
sdist = { url = "https://files.pythonhosted.org/packages/94/94/1f62e95e4a28b64cfbb5b922ef3046f968b47170d37a1e1a029f56ac9cb4/pyinstaller-6.16.0.tar.gz", hash = "sha256:53559fe1e041a234f2b4dcc3288ea8bdd57f7cad8a6644e422c27bb407f3edef", size = 4008473, upload-time = "2025-09-13T20:07:01.733Z" }
wheels = [
    { url = "https://files.pythonhosted.org/packages/7b/0a/c42ce6e5d3de287f2e9432a074fb209f1fb72a86a72f3903849fdb5e4829/pyinstaller-6.16.0-py3-none-macosx_10_13_universal2.whl", hash = "sha256:7fd1c785219a87ca747c21fa92f561b0d2926a7edc06d0a0fe37f3736e00bd7a", size = 1027899, upload-time = "2025-09-13T20:05:59.2Z" },
    { url = "https://files.pythonhosted.org/packages/4e/d0/f18fedde32835d5a758f464c75924e2154065625f09d5456c3c303527654/pyinstaller-6.16.0-py3-none-manylinux2014_aarch64.whl", hash = "sha256:b756ddb9007b8141c5476b553351f9d97559b8af5d07f9460869bfae02be26b0", size = 727990, upload-time = "2025-09-13T20:06:03.583Z" },
    { url = "https://files.pythonhosted.org/packages/7a/db/c8bb47514ce857b24bf9294cf1ff74844b6a489fa0ab4ef6f923288c4e38/pyinstaller-6.16.0-py3-none-manylinux2014_i686.whl", hash = "sha256:0a48f55b85ff60f83169e10050f2759019cf1d06773ad1c4da3a411cd8751058", size = 739238, upload-time = "2025-09-13T20:06:07.69Z" },
    { url = "https://files.pythonhosted.org/packages/c6/3e/451dc784a8fcca0fe9f9b6b802d58555364a95b60f253613a2c83fc6b023/pyinstaller-6.16.0-py3-none-manylinux2014_ppc64le.whl", hash = "sha256:73ba72e04fcece92e32518bbb1e1fb5ac2892677943dfdff38e01a06e8742851", size = 737142, upload-time = "2025-09-13T20:06:11.732Z" },
    { url = "https://files.pythonhosted.org/packages/71/37/2f457479ef8fa2821cdb448acee2421dfb19fbe908bf5499d1930c164084/pyinstaller-6.16.0-py3-none-manylinux2014_s390x.whl", hash = "sha256:b1752488248f7899281b17ca3238eefb5410521291371a686a4f5830f29f52b3", size = 734133, upload-time = "2025-09-13T20:06:15.477Z" },
    { url = "https://files.pythonhosted.org/packages/63/c4/0f7daac4d062a4d1ac2571d8a8b9b5d6812094fcd914d139af591ca5e1ba/pyinstaller-6.16.0-py3-none-manylinux2014_x86_64.whl", hash = "sha256:ba618a61627ee674d6d68e5de084ba17c707b59a4f2a856084b3999bdffbd3f0", size = 733817, upload-time = "2025-09-13T20:06:19.683Z" },
    { url = "https://files.pythonhosted.org/packages/11/e4/b6127265b42bef883e8873d850becadf748bc5652e5a7029b059328f3c31/pyinstaller-6.16.0-py3-none-musllinux_1_1_aarch64.whl", hash = "sha256:c8b7ef536711617e12fef4673806198872033fa06fa92326ad7fd1d84a9fa454", size = 732912, upload-time = "2025-09-13T20:06:23.46Z" },
    { url = "https://files.pythonhosted.org/packages/2b/00/c6663107bdf814b2916e71563beabd09f693c47712213bc228994cb2cc65/pyinstaller-6.16.0-py3-none-musllinux_1_1_x86_64.whl", hash = "sha256:d1ebf84d02c51fed19b82a8abb4df536923abd55bb684d694e1356e4ae2a0ce5", size = 732773, upload-time = "2025-09-13T20:06:27.352Z" },
    { url = "https://files.pythonhosted.org/packages/a3/14/cabe9bc5f60b95d2e70e7d045ab94b0015ff8f6c8b16e2142d3597e30749/pyinstaller-6.16.0-py3-none-win32.whl", hash = "sha256:6d5f8617f3650ff9ef893e2ab4ddbf3c0d23d0c602ef74b5df8fbef4607840c8", size = 1313878, upload-time = "2025-09-13T20:06:33.234Z" },
    { url = "https://files.pythonhosted.org/packages/aa/99/2005efbc297e7813c1d6f18484aa94a1a81ce87b6a5b497c563681f4c4ea/pyinstaller-6.16.0-py3-none-win_amd64.whl", hash = "sha256:bc10eb1a787f99fea613509f55b902fbd2d8b73ff5f51ff245ea29a481d97d41", size = 1374706, upload-time = "2025-09-13T20:06:39.95Z" },
    { url = "https://files.pythonhosted.org/packages/ca/f4/4dfcf69b86d60fcaae05a42bbff1616d48a91e71726e5ed795d773dae9b3/pyinstaller-6.16.0-py3-none-win_arm64.whl", hash = "sha256:d0af8a401de792c233c32c44b16d065ca9ab8262ee0c906835c12bdebc992a64", size = 1315923, upload-time = "2025-09-13T20:06:45.846Z" },
]

[[package]]
name = "pyinstaller-hooks-contrib"
version = "2025.9"
source = { registry = "https://pypi.org/simple" }
dependencies = [
    { name = "packaging" },
    { name = "setuptools" },
]
sdist = { url = "https://files.pythonhosted.org/packages/7d/83/be0f57c0b77b66c33c2283ebd4ea341022b5a743e97c5fb3bebab82b38b9/pyinstaller_hooks_contrib-2025.9.tar.gz", hash = "sha256:56e972bdaad4e9af767ed47d132362d162112260cbe488c9da7fee01f228a5a6", size = 165189, upload-time = "2025-09-24T11:21:35.113Z" }
wheels = [
    { url = "https://files.pythonhosted.org/packages/a2/26/23b4cfc77d7f808c69f59070e1e8293a579ec281a547c61562357160b346/pyinstaller_hooks_contrib-2025.9-py3-none-any.whl", hash = "sha256:ccbfaa49399ef6b18486a165810155e5a8d4c59b41f20dc5da81af7482aaf038", size = 444283, upload-time = "2025-09-24T11:21:33.67Z" },
]

[[package]]
name = "pyperclip"
version = "1.11.0"
source = { registry = "https://pypi.org/simple" }
sdist = { url = "https://files.pythonhosted.org/packages/e8/52/d87eba7cb129b81563019d1679026e7a112ef76855d6159d24754dbd2a51/pyperclip-1.11.0.tar.gz", hash = "sha256:244035963e4428530d9e3a6101a1ef97209c6825edab1567beac148ccc1db1b6", size = 12185, upload-time = "2025-09-26T14:40:37.245Z" }
wheels = [
    { url = "https://files.pythonhosted.org/packages/df/80/fc9d01d5ed37ba4c42ca2b55b4339ae6e200b456be3a1aaddf4a9fa99b8c/pyperclip-1.11.0-py3-none-any.whl", hash = "sha256:299403e9ff44581cb9ba2ffeed69c7aa96a008622ad0c46cb575ca75b5b84273", size = 11063, upload-time = "2025-09-26T14:40:36.069Z" },
]

[[package]]
name = "pywin32"
version = "311"
source = { registry = "https://pypi.org/simple" }
wheels = [
    { url = "https://files.pythonhosted.org/packages/c9/31/097f2e132c4f16d99a22bfb777e0fd88bd8e1c634304e102f313af69ace5/pywin32-311-cp314-cp314-win32.whl", hash = "sha256:b7a2c10b93f8986666d0c803ee19b5990885872a7de910fc460f9b0c2fbf92ee", size = 8840714, upload-time = "2025-07-14T20:13:32.449Z" },
    { url = "https://files.pythonhosted.org/packages/90/4b/07c77d8ba0e01349358082713400435347df8426208171ce297da32c313d/pywin32-311-cp314-cp314-win_amd64.whl", hash = "sha256:3aca44c046bd2ed8c90de9cb8427f581c479e594e99b5c0bb19b29c10fd6cb87", size = 9656800, upload-time = "2025-07-14T20:13:34.312Z" },
    { url = "https://files.pythonhosted.org/packages/c0/d2/21af5c535501a7233e734b8af901574572da66fcc254cb35d0609c9080dd/pywin32-311-cp314-cp314-win_arm64.whl", hash = "sha256:a508e2d9025764a8270f93111a970e1d0fbfc33f4153b388bb649b7eec4f9b42", size = 8932540, upload-time = "2025-07-14T20:13:36.379Z" },
]

[[package]]
name = "pywin32-ctypes"
version = "0.2.3"
source = { registry = "https://pypi.org/simple" }
sdist = { url = "https://files.pythonhosted.org/packages/85/9f/01a1a99704853cb63f253eea009390c88e7131c67e66a0a02099a8c917cb/pywin32-ctypes-0.2.3.tar.gz", hash = "sha256:d162dc04946d704503b2edc4d55f3dba5c1d539ead017afa00142c38b9885755", size = 29471, upload-time = "2024-08-14T10:15:34.626Z" }
wheels = [
    { url = "https://files.pythonhosted.org/packages/de/3d/8161f7711c017e01ac9f008dfddd9410dff3674334c233bde66e7ba65bbf/pywin32_ctypes-0.2.3-py3-none-any.whl", hash = "sha256:8a1513379d709975552d202d942d9837758905c8d01eb82b8bcc30918929e7b8", size = 30756, upload-time = "2024-08-14T10:15:33.187Z" },
]

[[package]]
name = "setuptools"
version = "80.9.0"
source = { registry = "https://pypi.org/simple" }
sdist = { url = "https://files.pythonhosted.org/packages/18/5d/3bf57dcd21979b887f014ea83c24ae194cfcd12b9e0fda66b957c69d1fca/setuptools-80.9.0.tar.gz", hash = "sha256:f36b47402ecde768dbfafc46e8e4207b4360c654f1f3bb84475f0a28628fb19c", size = 1319958, upload-time = "2025-05-27T00:56:51.443Z" }
wheels = [
    { url = "https://files.pythonhosted.org/packages/a3/dc/17031897dae0efacfea57dfd3a82fdd2a2aeb58e0ff71b77b87e44edc772/setuptools-80.9.0-py3-none-any.whl", hash = "sha256:062d34222ad13e0cc312a4c02d73f059e86a4acbfbdea8f8f76b28c99f306922", size = 1201486, upload-time = "2025-05-27T00:56:49.664Z" },
]

[[package]]
name = "wxpython"
version = "4.2.4"
source = { registry = "https://pypi.org/simple" }
sdist = { url = "https://files.pythonhosted.org/packages/80/6e/b70e6dbdd7cb4f154b7ca424b4c7799f7b067f7a9f4204b8d16d6464648f/wxpython-4.2.4.tar.gz", hash = "sha256:2eb123979c87bcb329e8a2452269d60ff8f9f651e9bf25c67579e53c4ebbae3c", size = 58583054, upload-time = "2025-10-29T13:22:37.726Z" }
wheels = [
    { url = "https://files.pythonhosted.org/packages/b3/a4/4af3229c6629a6469f6a6f3a2cf060d0259c171bc446991e374717115c32/wxpython-4.2.4-cp314-cp314-macosx_10_15_x86_64.whl", hash = "sha256:20bdd73d51c4fcc9f026a059d95654aaf68540562faf23340a2224fdfa319798", size = 18783337, upload-time = "2025-10-29T04:02:41.328Z" },
    { url = "https://files.pythonhosted.org/packages/e3/8f/5f1ac8e0d681cf3396acd49ce762b334f3fb754b54d96d5386e17e174eb4/wxpython-4.2.4-cp314-cp314-macosx_11_0_arm64.whl", hash = "sha256:4842f9639869e455a032ef7471d974c0c8c8b7d9ba73327982d84b9d96537a08", size = 17845443, upload-time = "2025-10-29T04:02:43.551Z" },
    { url = "https://files.pythonhosted.org/packages/72/6e/62f3c7c2f509057888ad87d141c4c77d375cfb8e4ac820654d3b972b529f/wxpython-4.2.4-cp314-cp314-win32.whl", hash = "sha256:7e7c3baa2aab55f1c0a14fdd1b371f8ec0cff1cc2f6171497643f977b243f750", size = 14848210, upload-time = "2025-10-29T04:02:45.812Z" },
    { url = "https://files.pythonhosted.org/packages/27/e0/6d6762d2857963abc06f56fc14a605d1c69d83b0abf3a0702fcffb78bf3a/wxpython-4.2.4-cp314-cp314-win_amd64.whl", hash = "sha256:dae6d80067f64498e530d2c5f47c81f5f1a6f32e820b3b59f05062c1629ff97d", size = 16918656, upload-time = "2025-10-29T04:02:48.273Z" },
    { url = "https://files.pythonhosted.org/packages/ff/2d/d437e56efe7e1ec5bb7af59d6651913e18e3fa9ecdacdec7a129d5285baa/wxpython-4.2.4-cp314-cp314-win_arm64.whl", hash = "sha256:f7b649542969c2221d2963695de11c74c12060e83d412f4017ba03e7787c9c5d", size = 15807097, upload-time = "2025-10-29T04:02:51.066Z" },
]
